
Microsoft Visual Studio Solution File, Format Version 12.00
# Visual Studio Version 17
VisualStudioVersion = 17.6.33829.357
MinimumVisualStudioVersion = 10.0.40219.1
Project("{9A19103F-16F7-4668-BE54-9A1E7A4F7556}") = "Humin-Man", "Humin-Man\Humin-Man.csproj", "{F14FC9F5-877B-4AB4-86C0-2DFA1271A7BB}"
EndProject
Project("{2150E333-8FDC-42A3-9474-1A3956D46DE8}") = "Core", "Core", "{E7679DF3-DC8E-41BB-9313-7F96FCA4EA01}"
EndProject
Project("{2150E333-8FDC-42A3-9474-1A3956D46DE8}") = "Shared", "Shared", "{3E29E0D1-092D-4ECC-8008-200082CC60A1}"
EndProject
Project("{9A19103F-16F7-4668-BE54-9A1E7A4F7556}") = "Humin-Man.Services", "Humin-Man.Services\Humin-Man.Services.csproj", "{0ABE1123-334D-440B-9680-CBBF862AF909}"
EndProject
Project("{9A19103F-16F7-4668-BE54-9A1E7A4F7556}") = "Humin-Man.Entities", "Humin-Man.Entities\Humin-Man.Entities.csproj", "{C0DD89F3-E982-4267-AEB4-761F89B9FFDC}"
EndProject
Project("{9A19103F-16F7-4668-BE54-9A1E7A4F7556}") = "Humin-Man.Exceptions", "Humin-Man.Exceptions\Humin-Man.Exceptions.csproj", "{0BC24774-00FC-42B1-B43F-EA285C98B284}"
EndProject
Project("{9A19103F-16F7-4668-BE54-9A1E7A4F7556}") = "Humin-Man.Repository", "Humin-Man.Repository\Humin-Man.Repository.csproj", "{94F5607C-61CA-4948-BD53-C4CB392D7440}"
EndProject
Project("{9A19103F-16F7-4668-BE54-9A1E7A4F7556}") = "Humin-Man.Core.Entities", "Humin-Man.Core.Entities\Humin-Man.Core.Entities.csproj", "{834A2B12-EDD0-4A00-BBE6-23453CA61F86}"
EndProject
Project("{9A19103F-16F7-4668-BE54-9A1E7A4F7556}") = "Humin-Man.Common", "Humin-Man.Common\Humin-Man.Common.csproj", "{AB1DCCFD-F19C-4218-864C-7BFB81B32907}"
EndProject
Project("{9A19103F-16F7-4668-BE54-9A1E7A4F7556}") = "Humin-Man.Auth", "Humin-Man.Auth\Humin-Man.Auth.csproj", "{F397B2ED-C5EC-45E6-ADFC-884393136ADF}"
EndProject
Project("{9A19103F-16F7-4668-BE54-9A1E7A4F7556}") = "Humin-Man.Converter", "Humin-Man.Converter\Humin-Man.Converter.csproj", "{3632E918-3FF2-41F7-95BF-E3B674190791}"
EndProject
Global
	GlobalSection(SolutionConfigurationPlatforms) = preSolution
		Debug|Any CPU = Debug|Any CPU
		Release|Any CPU = Release|Any CPU
	EndGlobalSection
	GlobalSection(ProjectConfigurationPlatforms) = postSolution
		{F14FC9F5-877B-4AB4-86C0-2DFA1271A7BB}.Debug|Any CPU.ActiveCfg = Debug|Any CPU
		{F14FC9F5-877B-4AB4-86C0-2DFA1271A7BB}.Debug|Any CPU.Build.0 = Debug|Any CPU
		{F14FC9F5-877B-4AB4-86C0-2DFA1271A7BB}.Release|Any CPU.ActiveCfg = Release|Any CPU
		{F14FC9F5-877B-4AB4-86C0-2DFA1271A7BB}.Release|Any CPU.Build.0 = Release|Any CPU
		{0ABE1123-334D-440B-9680-CBBF862AF909}.Debug|Any CPU.ActiveCfg = Debug|Any CPU
		{0ABE1123-334D-440B-9680-CBBF862AF909}.Debug|Any CPU.Build.0 = Debug|Any CPU
		{0ABE1123-334D-440B-9680-CBBF862AF909}.Release|Any CPU.ActiveCfg = Release|Any CPU
		{0ABE1123-334D-440B-9680-CBBF862AF909}.Release|Any CPU.Build.0 = Release|Any CPU
		{C0DD89F3-E982-4267-AEB4-761F89B9FFDC}.Debug|Any CPU.ActiveCfg = Debug|Any CPU
		{C0DD89F3-E982-4267-AEB4-761F89B9FFDC}.Debug|Any CPU.Build.0 = Debug|Any CPU
		{C0DD89F3-E982-4267-AEB4-761F89B9FFDC}.Release|Any CPU.ActiveCfg = Release|Any CPU
		{C0DD89F3-E982-4267-AEB4-761F89B9FFDC}.Release|Any CPU.Build.0 = Release|Any CPU
		{0BC24774-00FC-42B1-B43F-EA285C98B284}.Debug|Any CPU.ActiveCfg = Debug|Any CPU
		{0BC24774-00FC-42B1-B43F-EA285C98B284}.Debug|Any CPU.Build.0 = Debug|Any CPU
		{0BC24774-00FC-42B1-B43F-EA285C98B284}.Release|Any CPU.ActiveCfg = Release|Any CPU
		{0BC24774-00FC-42B1-B43F-EA285C98B284}.Release|Any CPU.Build.0 = Release|Any CPU
		{94F5607C-61CA-4948-BD53-C4CB392D7440}.Debug|Any CPU.ActiveCfg = Debug|Any CPU
		{94F5607C-61CA-4948-BD53-C4CB392D7440}.Debug|Any CPU.Build.0 = Debug|Any CPU
		{94F5607C-61CA-4948-BD53-C4CB392D7440}.Release|Any CPU.ActiveCfg = Release|Any CPU
		{94F5607C-61CA-4948-BD53-C4CB392D7440}.Release|Any CPU.Build.0 = Release|Any CPU
		{834A2B12-EDD0-4A00-BBE6-23453CA61F86}.Debug|Any CPU.ActiveCfg = Debug|Any CPU
		{834A2B12-EDD0-4A00-BBE6-23453CA61F86}.Debug|Any CPU.Build.0 = Debug|Any CPU
		{834A2B12-EDD0-4A00-BBE6-23453CA61F86}.Release|Any CPU.ActiveCfg = Release|Any CPU
		{834A2B12-EDD0-4A00-BBE6-23453CA61F86}.Release|Any CPU.Build.0 = Release|Any CPU
		{AB1DCCFD-F19C-4218-864C-7BFB81B32907}.Debug|Any CPU.ActiveCfg = Debug|Any CPU
		{AB1DCCFD-F19C-4218-864C-7BFB81B32907}.Debug|Any CPU.Build.0 = Debug|Any CPU
		{AB1DCCFD-F19C-4218-864C-7BFB81B32907}.Release|Any CPU.ActiveCfg = Release|Any CPU
		{AB1DCCFD-F19C-4218-864C-7BFB81B32907}.Release|Any CPU.Build.0 = Release|Any CPU
		{F397B2ED-C5EC-45E6-ADFC-884393136ADF}.Debug|Any CPU.ActiveCfg = Debug|Any CPU
		{F397B2ED-C5EC-45E6-ADFC-884393136ADF}.Debug|Any CPU.Build.0 = Debug|Any CPU
		{F397B2ED-C5EC-45E6-ADFC-884393136ADF}.Release|Any CPU.ActiveCfg = Release|Any CPU
		{F397B2ED-C5EC-45E6-ADFC-884393136ADF}.Release|Any CPU.Build.0 = Release|Any CPU
		{3632E918-3FF2-41F7-95BF-E3B674190791}.Debug|Any CPU.ActiveCfg = Debug|Any CPU
		{3632E918-3FF2-41F7-95BF-E3B674190791}.Debug|Any CPU.Build.0 = Debug|Any CPU
		{3632E918-3FF2-41F7-95BF-E3B674190791}.Release|Any CPU.ActiveCfg = Release|Any CPU
		{3632E918-3FF2-41F7-95BF-E3B674190791}.Release|Any CPU.Build.0 = Release|Any CPU
	EndGlobalSection
	GlobalSection(SolutionProperties) = preSolution
		HideSolutionNode = FALSE
	EndGlobalSection
	GlobalSection(NestedProjects) = preSolution
		{0ABE1123-334D-440B-9680-CBBF862AF909} = {E7679DF3-DC8E-41BB-9313-7F96FCA4EA01}
		{C0DD89F3-E982-4267-AEB4-761F89B9FFDC} = {E7679DF3-DC8E-41BB-9313-7F96FCA4EA01}
		{0BC24774-00FC-42B1-B43F-EA285C98B284} = {E7679DF3-DC8E-41BB-9313-7F96FCA4EA01}
		{94F5607C-61CA-4948-BD53-C4CB392D7440} = {E7679DF3-DC8E-41BB-9313-7F96FCA4EA01}
		{834A2B12-EDD0-4A00-BBE6-23453CA61F86} = {3E29E0D1-092D-4ECC-8008-200082CC60A1}
		{AB1DCCFD-F19C-4218-864C-7BFB81B32907} = {E7679DF3-DC8E-41BB-9313-7F96FCA4EA01}
		{F397B2ED-C5EC-45E6-ADFC-884393136ADF} = {E7679DF3-DC8E-41BB-9313-7F96FCA4EA01}
		{3632E918-3FF2-41F7-95BF-E3B674190791} = {E7679DF3-DC8E-41BB-9313-7F96FCA4EA01}
	EndGlobalSection
	GlobalSection(ExtensibilityGlobals) = postSolution
		SolutionGuid = {FC793652-5632-4772-BAC2-242303497938}
	EndGlobalSection
EndGlobal
